
Microsoft Visual Studio Solution File, Format Version 12.00
# Visual Studio 15
VisualStudioVersion = 15.0.26730.16
MinimumVisualStudioVersion = 10.0.40219.1
Project("{FAE04EC0-301F-11D3-BF4B-00C04F79EFBC}") = "6", "6\6.csproj", "{812D3CFC-92F7-4FD0-B064-801FD2E5E2BF}"
EndProject
Global
	GlobalSection(SolutionConfigurationPlatforms) = preSolution
		Debug|Any CPU = Debug|Any CPU
		Release|Any CPU = Release|Any CPU
	EndGlobalSection
	GlobalSection(ProjectConfigurationPlatforms) = postSolution
		{812D3CFC-92F7-4FD0-B064-801FD2E5E2BF}.Debug|Any CPU.ActiveCfg = Debug|Any CPU
		{812D3CFC-92F7-4FD0-B064-801FD2E5E2BF}.Debug|Any CPU.Build.0 = Debug|Any CPU
		{812D3CFC-92F7-4FD0-B064-801FD2E5E2BF}.Release|Any CPU.ActiveCfg = Release|Any CPU
		{812D3CFC-92F7-4FD0-B064-801FD2E5E2BF}.Release|Any CPU.Build.0 = Release|Any CPU
	EndGlobalSection
	GlobalSection(SolutionProperties) = preSolution
		HideSolutionNode = FALSE
	EndGlobalSection
	GlobalSection(ExtensibilityGlobals) = postSolution
		SolutionGuid = {AB27E6E4-F9FC-4A79-AFE5-AD3F8C3CC5C9}
	EndGlobalSection
EndGlobal
