
Microsoft Visual Studio Solution File, Format Version 12.00
# Visual Studio 15
VisualStudioVersion = 15.0.26730.16
MinimumVisualStudioVersion = 10.0.40219.1
Project("{FAE04EC0-301F-11D3-BF4B-00C04F79EFBC}") = "5", "5\5.csproj", "{D14728CF-FB0D-4224-8FDD-0BB36A010D38}"
EndProject
Global
	GlobalSection(SolutionConfigurationPlatforms) = preSolution
		Debug|Any CPU = Debug|Any CPU
		Release|Any CPU = Release|Any CPU
	EndGlobalSection
	GlobalSection(ProjectConfigurationPlatforms) = postSolution
		{D14728CF-FB0D-4224-8FDD-0BB36A010D38}.Debug|Any CPU.ActiveCfg = Debug|Any CPU
		{D14728CF-FB0D-4224-8FDD-0BB36A010D38}.Debug|Any CPU.Build.0 = Debug|Any CPU
		{D14728CF-FB0D-4224-8FDD-0BB36A010D38}.Release|Any CPU.ActiveCfg = Release|Any CPU
		{D14728CF-FB0D-4224-8FDD-0BB36A010D38}.Release|Any CPU.Build.0 = Release|Any CPU
	EndGlobalSection
	GlobalSection(SolutionProperties) = preSolution
		HideSolutionNode = FALSE
	EndGlobalSection
	GlobalSection(ExtensibilityGlobals) = postSolution
		SolutionGuid = {186DB10E-49AC-472C-9919-5C064C375CA5}
	EndGlobalSection
EndGlobal
